
Microsoft Visual Studio Solution File, Format Version 12.00
# Visual Studio Version 17
VisualStudioVersion = 17.8.34322.80
MinimumVisualStudioVersion = 10.0.40219.1
Project("{9A19103F-16F7-4668-BE54-9A1E7A4F7556}") = "GithubAPI", "GithubAPI\GithubAPI.csproj", "{1F721F05-279A-4719-8B21-1B9B8B0382E7}"
EndProject
Project("{9A19103F-16F7-4668-BE54-9A1E7A4F7556}") = "TipoutCalculator", "TipoutCalculator\TipoutCalculator.csproj", "{4C557C00-0289-48A0-A7F7-0885F16797A3}"
EndProject
Global
	GlobalSection(SolutionConfigurationPlatforms) = preSolution
		Debug|Any CPU = Debug|Any CPU
		Release|Any CPU = Release|Any CPU
	EndGlobalSection
	GlobalSection(ProjectConfigurationPlatforms) = postSolution
		{1F721F05-279A-4719-8B21-1B9B8B0382E7}.Debug|Any CPU.ActiveCfg = Debug|Any CPU
		{1F721F05-279A-4719-8B21-1B9B8B0382E7}.Debug|Any CPU.Build.0 = Debug|Any CPU
		{1F721F05-279A-4719-8B21-1B9B8B0382E7}.Release|Any CPU.ActiveCfg = Release|Any CPU
		{1F721F05-279A-4719-8B21-1B9B8B0382E7}.Release|Any CPU.Build.0 = Release|Any CPU
		{4C557C00-0289-48A0-A7F7-0885F16797A3}.Debug|Any CPU.ActiveCfg = Debug|Any CPU
		{4C557C00-0289-48A0-A7F7-0885F16797A3}.Debug|Any CPU.Build.0 = Debug|Any CPU
		{4C557C00-0289-48A0-A7F7-0885F16797A3}.Release|Any CPU.ActiveCfg = Release|Any CPU
		{4C557C00-0289-48A0-A7F7-0885F16797A3}.Release|Any CPU.Build.0 = Release|Any CPU
	EndGlobalSection
	GlobalSection(SolutionProperties) = preSolution
		HideSolutionNode = FALSE
	EndGlobalSection
	GlobalSection(ExtensibilityGlobals) = postSolution
		SolutionGuid = {657046D7-E324-4EAA-BC3D-79B56F153BAC}
	EndGlobalSection
EndGlobal
